lockfileVersion: '9.0'

settings:
  autoInstallPeers: true
  excludeLinksFromLockfile: false

importers:

  .:
    dependencies:
      '@netlify/blobs':
        specifier: ^8.2.0
        version: 8.2.0

packages:

  '@netlify/blobs@8.2.0':
    resolution: {integrity: sha512-9djLZHBKsoKk8XCgwWSEPK9QnT8qqxEQGuYh48gFIcNLvpBKkLnHbDZuyUxmNemCfDz7h0HnMXgSPnnUVgARhg==}
    engines: {node: ^14.16.0 || >=16.0.0}

snapshots:

  '@netlify/blobs@8.2.0': {}
